
Microsoft Visual Studio Solution File, Format Version 12.00
# Visual Studio 2012
Project("{8BC9CEB8-8B4A-11D0-8D11-00A0C91BC942}") = "f4se_common", "f4se_common\f4se_common.vcxproj", "{20C6411C-596F-4B85-BE4E-8BC91F59D8A6}"
	ProjectSection(ProjectDependencies) = postProject
		{D4C128A1-73DC-4941-A453-CE55AF239BA8} = {D4C128A1-73DC-4941-A453-CE55AF239BA8}
	EndProjectSection
EndProject
Project("{8BC9CEB8-8B4A-11D0-8D11-00A0C91BC942}") = "common_vc11", "..\common\common_vc11.vcxproj", "{D4C128A1-73DC-4941-A453-CE55AF239BA8}"
EndProject
Project("{8BC9CEB8-8B4A-11D0-8D11-00A0C91BC942}") = "f4ee", "f4ee\f4ee.vcxproj", "{FC9A1EE6-D9DB-47F6-B0ED-8867439C43CE}"
EndProject
Project("{8BC9CEB8-8B4A-11D0-8D11-00A0C91BC942}") = "jsoncpp", "jsoncpp\jsoncpp.vcxproj", "{522EC01C-C40F-4DE4-A83E-06C5B56620E6}"
EndProject
Global
	GlobalSection(SourceCodeControl) = preSolution
		SccNumberOfProjects = 2
		SccProjectUniqueName0 = f4se_common\\f4se_common.vcxproj
		SccProjectName0 = Perforce\u0020Project
		SccLocalPath0 = ..
		SccProvider0 = MSSCCI:Perforce\u0020SCM
		SccProjectFilePathRelativizedFromConnection0 = f4se\\f4se_common\\
		SccProjectUniqueName1 = ..\\common\\common_vc11.vcxproj
		SccProjectName1 = Perforce\u0020Project
		SccLocalPath1 = ..
		SccProvider1 = MSSCCI:Perforce\u0020SCM
		SccProjectFilePathRelativizedFromConnection1 = common\\
	EndGlobalSection
	GlobalSection(SolutionConfigurationPlatforms) = preSolution
		Debug|x64 = Debug|x64
		Release|x64 = Release|x64
	EndGlobalSection
	GlobalSection(ProjectConfigurationPlatforms) = postSolution
		{20C6411C-596F-4B85-BE4E-8BC91F59D8A6}.Debug|x64.ActiveCfg = Debug|x64
		{20C6411C-596F-4B85-BE4E-8BC91F59D8A6}.Debug|x64.Build.0 = Debug|x64
		{20C6411C-596F-4B85-BE4E-8BC91F59D8A6}.Release|x64.ActiveCfg = Release|x64
		{20C6411C-596F-4B85-BE4E-8BC91F59D8A6}.Release|x64.Build.0 = Release|x64
		{D4C128A1-73DC-4941-A453-CE55AF239BA8}.Debug|x64.ActiveCfg = Debug|x64
		{D4C128A1-73DC-4941-A453-CE55AF239BA8}.Debug|x64.Build.0 = Debug|x64
		{D4C128A1-73DC-4941-A453-CE55AF239BA8}.Release|x64.ActiveCfg = Release|x64
		{D4C128A1-73DC-4941-A453-CE55AF239BA8}.Release|x64.Build.0 = Release|x64
		{FC9A1EE6-D9DB-47F6-B0ED-8867439C43CE}.Debug|x64.ActiveCfg = Debug|x64
		{FC9A1EE6-D9DB-47F6-B0ED-8867439C43CE}.Debug|x64.Build.0 = Debug|x64
		{FC9A1EE6-D9DB-47F6-B0ED-8867439C43CE}.Release|x64.ActiveCfg = Release|x64
		{FC9A1EE6-D9DB-47F6-B0ED-8867439C43CE}.Release|x64.Build.0 = Release|x64
		{522EC01C-C40F-4DE4-A83E-06C5B56620E6}.Debug|x64.ActiveCfg = Debug|x64
		{522EC01C-C40F-4DE4-A83E-06C5B56620E6}.Debug|x64.Build.0 = Debug|x64
		{522EC01C-C40F-4DE4-A83E-06C5B56620E6}.Release|x64.ActiveCfg = Release|x64
		{522EC01C-C40F-4DE4-A83E-06C5B56620E6}.Release|x64.Build.0 = Release|x64
	EndGlobalSection
	GlobalSection(SolutionProperties) = preSolution
		HideSolutionNode = FALSE
	EndGlobalSection
EndGlobal
