<?xml version="1.0" encoding="utf-8"?>
<Project ToolsVersion="4.0" xmlns="http://schemas.microsoft.com/developer/msbuild/2003">
  <ItemGroup>
    <Filter Include="f4se">
      <UniqueIdentifier>{7268884c-0648-4762-a7f9-aa8e6b13e391}</UniqueIdentifier>
    </Filter>
    <Filter Include="f4se\api">
      <UniqueIdentifier>{6a1ed46a-08ea-4750-b565-af0d6d4a7f20}</UniqueIdentifier>
    </Filter>
    <Filter Include="f4se\scaleform">
      <UniqueIdentifier>{2e0f4733-f04e-4531-b290-3e2c57ef978e}</UniqueIdentifier>
    </Filter>
    <Filter Include="f4se\netimmerse">
      <UniqueIdentifier>{4144c1f9-8e81-413a-a62a-652d5655bf62}</UniqueIdentifier>
    </Filter>
    <Filter Include="f4se\papyrus">
      <UniqueIdentifier>{e7d9da7a-224f-49ec-b1a0-ab3e921c013e}</UniqueIdentifier>
    </Filter>
    <Filter Include="f4se\papyrus\vm">
      <UniqueIdentifier>{230b715f-8637-4b66-b2cc-62ec6c39f8e3}</UniqueIdentifier>
    </Filter>
    <Filter Include="f4se\papyrus\functions">
      <UniqueIdentifier>{d8db1eb4-9604-4a37-a235-4acf6561fc10}</UniqueIdentifier>
    </Filter>
    <Filter Include="utils">
      <UniqueIdentifier>{ecfe6d48-4232-4286-904f-21d8d879ebb6}</UniqueIdentifier>
    </Filter>
    <Filter Include="Interfaces">
      <UniqueIdentifier>{6ceb776b-ddb6-4837-add0-260eeabbbb0e}</UniqueIdentifier>
    </Filter>
    <Filter Include="Interfaces\Overlays">
      <UniqueIdentifier>{30f087be-bb8e-4d23-8420-2666278ddb4f}</UniqueIdentifier>
    </Filter>
    <Filter Include="Interfaces\BodyGen">
      <UniqueIdentifier>{dd6d2364-ddbb-410f-837a-dde69edd1e67}</UniqueIdentifier>
    </Filter>
    <Filter Include="Interfaces\CharGen">
      <UniqueIdentifier>{039fb571-0b1c-4e75-bbdd-e94e5f9f2602}</UniqueIdentifier>
    </Filter>
    <Filter Include="Interfaces\Scaleform">
      <UniqueIdentifier>{d8634c0c-cf2a-4d52-a449-0667a63f67d3}</UniqueIdentifier>
    </Filter>
    <Filter Include="Interfaces\Updater">
      <UniqueIdentifier>{2f5f416a-69c3-4778-a7a7-1a03d21439aa}</UniqueIdentifier>
    </Filter>
    <Filter Include="Interfaces\Skin">
      <UniqueIdentifier>{06551dd7-ca00-40d2-89a8-bd46c1a64b11}</UniqueIdentifier>
    </Filter>
  </ItemGroup>
  <ItemGroup>
    <None Include="exports.def" />
    <None Include="..\f4se\PapyrusNativeFunctionDef.inl">
      <Filter>f4se\papyrus\vm</Filter>
    </None>
    <None Include="..\f4se\PapyrusNativeFunctionDef_Base.inl">
      <Filter>f4se\papyrus\vm</Filter>
    </None>
    <None Include="..\f4se\PapyrusStructDef.inl">
      <Filter>f4se\papyrus\vm</Filter>
    </None>
    <None Include="..\f4se\PapyrusStructDef_Base.inl">
      <Filter>f4se\papyrus\vm</Filter>
    </None>
  </ItemGroup>
  <ItemGroup>
    <ClCompile Include="main.cpp" />
    <ClCompile Include="..\f4se\GameCustomization.cpp">
      <Filter>f4se\api</Filter>
    </ClCompile>
    <ClCompile Include="..\f4se\GameAPI.cpp">
      <Filter>f4se\api</Filter>
    </ClCompile>
    <ClCompile Include="..\f4se\GameForms.cpp">
      <Filter>f4se\api</Filter>
    </ClCompile>
    <ClCompile Include="..\f4se\GameMenus.cpp">
      <Filter>f4se\api</Filter>
    </ClCompile>
    <ClCompile Include="..\f4se\ScaleformAPI.cpp">
      <Filter>f4se\scaleform</Filter>
    </ClCompile>
    <ClCompile Include="..\f4se\ScaleformCallbacks.cpp">
      <Filter>f4se\scaleform</Filter>
    </ClCompile>
    <ClCompile Include="..\f4se\ScaleformLoader.cpp">
      <Filter>f4se\scaleform</Filter>
    </ClCompile>
    <ClCompile Include="..\f4se\ScaleformMovie.cpp">
      <Filter>f4se\scaleform</Filter>
    </ClCompile>
    <ClCompile Include="..\f4se\ScaleformState.cpp">
      <Filter>f4se\scaleform</Filter>
    </ClCompile>
    <ClCompile Include="..\f4se\ScaleformTranslator.cpp">
      <Filter>f4se\scaleform</Filter>
    </ClCompile>
    <ClCompile Include="..\f4se\ScaleformTypes.cpp">
      <Filter>f4se\scaleform</Filter>
    </ClCompile>
    <ClCompile Include="..\f4se\ScaleformValue.cpp">
      <Filter>f4se\scaleform</Filter>
    </ClCompile>
    <ClCompile Include="..\f4se\GameUtilities.cpp">
      <Filter>f4se\api</Filter>
    </ClCompile>
    <ClCompile Include="..\f4se\GameReferences.cpp">
      <Filter>f4se\api</Filter>
    </ClCompile>
    <ClCompile Include="..\f4se\GameObjects.cpp">
      <Filter>f4se\api</Filter>
    </ClCompile>
    <ClCompile Include="..\f4se\GameData.cpp">
      <Filter>f4se\api</Filter>
    </ClCompile>
    <ClCompile Include="..\f4se\GameRTTI.cpp">
      <Filter>f4se\api</Filter>
    </ClCompile>
    <ClCompile Include="..\f4se\GameTypes.cpp">
      <Filter>f4se\api</Filter>
    </ClCompile>
    <ClCompile Include="ScaleformNatives.cpp">
      <Filter>Interfaces\Scaleform</Filter>
    </ClCompile>
    <ClCompile Include="..\f4se\GameInput.cpp">
      <Filter>f4se\api</Filter>
    </ClCompile>
    <ClCompile Include="..\f4se\GameStreams.cpp">
      <Filter>f4se\api</Filter>
    </ClCompile>
    <ClCompile Include="CharGenTint.cpp">
      <Filter>Interfaces\CharGen</Filter>
    </ClCompile>
    <ClCompile Include="..\f4se\NiExtraData.cpp">
      <Filter>f4se\netimmerse</Filter>
    </ClCompile>
    <ClCompile Include="..\f4se\NiMaterials.cpp">
      <Filter>f4se\netimmerse</Filter>
    </ClCompile>
    <ClCompile Include="..\f4se\NiNodes.cpp">
      <Filter>f4se\netimmerse</Filter>
    </ClCompile>
    <ClCompile Include="..\f4se\NiObjects.cpp">
      <Filter>f4se\netimmerse</Filter>
    </ClCompile>
    <ClCompile Include="..\f4se\NiProperties.cpp">
      <Filter>f4se\netimmerse</Filter>
    </ClCompile>
    <ClCompile Include="..\f4se\NiRTTI.cpp">
      <Filter>f4se\netimmerse</Filter>
    </ClCompile>
    <ClCompile Include="..\f4se\NiTextures.cpp">
      <Filter>f4se\netimmerse</Filter>
    </ClCompile>
    <ClCompile Include="..\f4se\NiTypes.cpp">
      <Filter>f4se\netimmerse</Filter>
    </ClCompile>
    <ClCompile Include="..\f4se\BSGeometry.cpp">
      <Filter>f4se\netimmerse</Filter>
    </ClCompile>
    <ClCompile Include="..\f4se\BSModelDB.cpp">
      <Filter>f4se\netimmerse</Filter>
    </ClCompile>
    <ClCompile Include="..\f4se\BSSkin.cpp">
      <Filter>f4se\netimmerse</Filter>
    </ClCompile>
    <ClCompile Include="..\f4se\PapyrusNativeFunctions.cpp">
      <Filter>f4se\papyrus\vm</Filter>
    </ClCompile>
    <ClCompile Include="..\f4se\PapyrusStruct.cpp">
      <Filter>f4se\papyrus\vm</Filter>
    </ClCompile>
    <ClCompile Include="..\f4se\PapyrusValue.cpp">
      <Filter>f4se\papyrus\vm</Filter>
    </ClCompile>
    <ClCompile Include="..\f4se\PapyrusVM.cpp">
      <Filter>f4se\papyrus\vm</Filter>
    </ClCompile>
    <ClCompile Include="..\f4se\PapyrusArgs.cpp">
      <Filter>f4se\papyrus\vm</Filter>
    </ClCompile>
    <ClCompile Include="..\f4se\PapyrusInterfaces.cpp">
      <Filter>f4se\papyrus\vm</Filter>
    </ClCompile>
    <ClCompile Include="PapyrusBodyGen.cpp">
      <Filter>f4se\papyrus\functions</Filter>
    </ClCompile>
    <ClCompile Include="..\f4se\GameExtraData.cpp">
      <Filter>f4se\api</Filter>
    </ClCompile>
    <ClCompile Include="..\f4se\PapyrusUtilities.cpp">
      <Filter>f4se\papyrus\vm</Filter>
    </ClCompile>
    <ClCompile Include="..\f4se\BSGraphics.cpp">
      <Filter>f4se\netimmerse</Filter>
    </ClCompile>
    <ClCompile Include="Morpher.cpp">
      <Filter>utils</Filter>
    </ClCompile>
    <ClCompile Include="BodyMorphInterface.cpp">
      <Filter>Interfaces\BodyGen</Filter>
    </ClCompile>
    <ClCompile Include="CharGenInterface.cpp">
      <Filter>Interfaces\CharGen</Filter>
    </ClCompile>
    <ClCompile Include="BodyGenInterface.cpp">
      <Filter>Interfaces\BodyGen</Filter>
    </ClCompile>
    <ClCompile Include="PapyrusOverlays.cpp">
      <Filter>f4se\papyrus\functions</Filter>
    </ClCompile>
    <ClCompile Include="..\f4se\GameFormComponents.cpp">
      <Filter>f4se\api</Filter>
    </ClCompile>
    <ClCompile Include="Utilities.cpp">
      <Filter>utils</Filter>
    </ClCompile>
    <ClCompile Include="StringTable.cpp">
      <Filter>utils</Filter>
    </ClCompile>
    <ClCompile Include="OverlayInterface.cpp">
      <Filter>Interfaces\Overlays</Filter>
    </ClCompile>
    <ClCompile Include="ActorUpdateManager.cpp">
      <Filter>Interfaces\Updater</Filter>
    </ClCompile>
    <ClCompile Include="SkinInterface.cpp">
      <Filter>Interfaces\Skin</Filter>
    </ClCompile>
  </ItemGroup>
  <ItemGroup>
    <ClInclude Include="resource.h" />
    <ClInclude Include="..\f4se\GameCustomization.h">
      <Filter>f4se\api</Filter>
    </ClInclude>
    <ClInclude Include="..\f4se\GameAPI.h">
      <Filter>f4se\api</Filter>
    </ClInclude>
    <ClInclude Include="..\f4se\GameForms.h">
      <Filter>f4se\api</Filter>
    </ClInclude>
    <ClInclude Include="..\f4se\GameMenus.h">
      <Filter>f4se\api</Filter>
    </ClInclude>
    <ClInclude Include="..\f4se\ScaleformAPI.h">
      <Filter>f4se\scaleform</Filter>
    </ClInclude>
    <ClInclude Include="..\f4se\ScaleformCallbacks.h">
      <Filter>f4se\scaleform</Filter>
    </ClInclude>
    <ClInclude Include="..\f4se\ScaleformLoader.h">
      <Filter>f4se\scaleform</Filter>
    </ClInclude>
    <ClInclude Include="..\f4se\ScaleformMovie.h">
      <Filter>f4se\scaleform</Filter>
    </ClInclude>
    <ClInclude Include="..\f4se\ScaleformState.h">
      <Filter>f4se\scaleform</Filter>
    </ClInclude>
    <ClInclude Include="..\f4se\ScaleformTranslator.h">
      <Filter>f4se\scaleform</Filter>
    </ClInclude>
    <ClInclude Include="..\f4se\ScaleformTypes.h">
      <Filter>f4se\scaleform</Filter>
    </ClInclude>
    <ClInclude Include="..\f4se\ScaleformValue.h">
      <Filter>f4se\scaleform</Filter>
    </ClInclude>
    <ClInclude Include="..\f4se\GameUtilities.h">
      <Filter>f4se\api</Filter>
    </ClInclude>
    <ClInclude Include="..\f4se\GameReferences.h">
      <Filter>f4se\api</Filter>
    </ClInclude>
    <ClInclude Include="..\f4se\GameObjects.h">
      <Filter>f4se\api</Filter>
    </ClInclude>
    <ClInclude Include="..\f4se\GameData.h">
      <Filter>f4se\api</Filter>
    </ClInclude>
    <ClInclude Include="..\f4se\GameRTTI.h">
      <Filter>f4se\api</Filter>
    </ClInclude>
    <ClInclude Include="..\f4se\GameTypes.h">
      <Filter>f4se\api</Filter>
    </ClInclude>
    <ClInclude Include="ScaleformNatives.h">
      <Filter>Interfaces\Scaleform</Filter>
    </ClInclude>
    <ClInclude Include="..\f4se\GameInput.h">
      <Filter>f4se\api</Filter>
    </ClInclude>
    <ClInclude Include="..\f4se\GameStreams.h">
      <Filter>f4se\api</Filter>
    </ClInclude>
    <ClInclude Include="CharGenTint.h">
      <Filter>Interfaces\CharGen</Filter>
    </ClInclude>
    <ClInclude Include="..\f4se\NiExtraData.h">
      <Filter>f4se\netimmerse</Filter>
    </ClInclude>
    <ClInclude Include="..\f4se\NiMaterials.h">
      <Filter>f4se\netimmerse</Filter>
    </ClInclude>
    <ClInclude Include="..\f4se\NiNodes.h">
      <Filter>f4se\netimmerse</Filter>
    </ClInclude>
    <ClInclude Include="..\f4se\NiObjects.h">
      <Filter>f4se\netimmerse</Filter>
    </ClInclude>
    <ClInclude Include="..\f4se\NiProperties.h">
      <Filter>f4se\netimmerse</Filter>
    </ClInclude>
    <ClInclude Include="..\f4se\NiRTTI.h">
      <Filter>f4se\netimmerse</Filter>
    </ClInclude>
    <ClInclude Include="..\f4se\NiTextures.h">
      <Filter>f4se\netimmerse</Filter>
    </ClInclude>
    <ClInclude Include="..\f4se\NiTypes.h">
      <Filter>f4se\netimmerse</Filter>
    </ClInclude>
    <ClInclude Include="..\f4se\BSGeometry.h">
      <Filter>f4se\netimmerse</Filter>
    </ClInclude>
    <ClInclude Include="..\f4se\BSModelDB.h">
      <Filter>f4se\netimmerse</Filter>
    </ClInclude>
    <ClInclude Include="..\f4se\BSSkin.h">
      <Filter>f4se\netimmerse</Filter>
    </ClInclude>
    <ClInclude Include="..\f4se\PapyrusNativeFunctions.h">
      <Filter>f4se\papyrus\vm</Filter>
    </ClInclude>
    <ClInclude Include="..\f4se\PapyrusStruct.h">
      <Filter>f4se\papyrus\vm</Filter>
    </ClInclude>
    <ClInclude Include="..\f4se\PapyrusValue.h">
      <Filter>f4se\papyrus\vm</Filter>
    </ClInclude>
    <ClInclude Include="..\f4se\PapyrusVM.h">
      <Filter>f4se\papyrus\vm</Filter>
    </ClInclude>
    <ClInclude Include="..\f4se\PapyrusArgs.h">
      <Filter>f4se\papyrus\vm</Filter>
    </ClInclude>
    <ClInclude Include="..\f4se\PapyrusInterfaces.h">
      <Filter>f4se\papyrus\vm</Filter>
    </ClInclude>
    <ClInclude Include="PapyrusBodyGen.h">
      <Filter>f4se\papyrus\functions</Filter>
    </ClInclude>
    <ClInclude Include="..\f4se\GameExtraData.h">
      <Filter>f4se\api</Filter>
    </ClInclude>
    <ClInclude Include="..\f4se\PapyrusUtilities.h">
      <Filter>f4se\papyrus\vm</Filter>
    </ClInclude>
    <ClInclude Include="..\f4se\BSGraphics.h">
      <Filter>f4se\netimmerse</Filter>
    </ClInclude>
    <ClInclude Include="kd_matcher.hpp">
      <Filter>utils</Filter>
    </ClInclude>
    <ClInclude Include="shape.hpp">
      <Filter>utils</Filter>
    </ClInclude>
    <ClInclude Include="half.hpp">
      <Filter>utils</Filter>
    </ClInclude>
    <ClInclude Include="Morpher.h">
      <Filter>utils</Filter>
    </ClInclude>
    <ClInclude Include="BodyMorphInterface.h">
      <Filter>Interfaces\BodyGen</Filter>
    </ClInclude>
    <ClInclude Include="CharGenInterface.h">
      <Filter>Interfaces\CharGen</Filter>
    </ClInclude>
    <ClInclude Include="BodyGenInterface.h">
      <Filter>Interfaces\BodyGen</Filter>
    </ClInclude>
    <ClInclude Include="PapyrusOverlays.h">
      <Filter>f4se\papyrus\functions</Filter>
    </ClInclude>
    <ClInclude Include="..\f4se\GameFormComponents.h">
      <Filter>f4se\api</Filter>
    </ClInclude>
    <ClInclude Include="Utilities.h">
      <Filter>utils</Filter>
    </ClInclude>
    <ClInclude Include="StringTable.h">
      <Filter>utils</Filter>
    </ClInclude>
    <ClInclude Include="OverlayInterface.h">
      <Filter>Interfaces\Overlays</Filter>
    </ClInclude>
    <ClInclude Include="ActorUpdateManager.h">
      <Filter>Interfaces\Updater</Filter>
    </ClInclude>
    <ClInclude Include="SkinInterface.h">
      <Filter>Interfaces\Skin</Filter>
    </ClInclude>
  </ItemGroup>
  <ItemGroup>
    <ResourceCompile Include="f4ee.rc" />
  </ItemGroup>
</Project>